{
  "version": 4,
  "terraform_version": "0.13.0",
  "serial": 8,
  "lineage": "7f6f53f2-43f7-2990-1aa7-0d668de5e7e5",
  "outputs": {
    "tfinstance1_ip": {
      "value": [
        "100.26.138.239"
      ],
      "type": [
        "tuple",
        [
          "string"
        ]
      ]
    }
  },
  "resources": [
    {
      "mode": "managed",
      "type": "aws_instance",
      "name": "tfinstance1",
      "provider": "provider[\"registry.terraform.io/hashicorp/aws\"]",
      "instances": [
        {
          "schema_version": 1,
          "attributes": {
            "ami": "ami-0bcc094591f354be2",
            "arn": "arn:aws:ec2:us-east-1:343889984927:instance/i-0b4863ffcac50b4d5",
            "associate_public_ip_address": true,
            "availability_zone": "us-east-1e",
            "cpu_core_count": 1,
            "cpu_threads_per_core": 1,
            "credit_specification": [
              {
                "cpu_credits": "standard"
              }
            ],
            "disable_api_termination": false,
            "ebs_block_device": [],
            "ebs_optimized": false,
            "ephemeral_block_device": [],
            "get_password_data": false,
            "hibernation": false,
            "host_id": null,
            "iam_instance_profile": "",
            "id": "i-0b4863ffcac50b4d5",
            "instance_initiated_shutdown_behavior": null,
            "instance_state": "running",
            "instance_type": "t2.micro",
            "ipv6_address_count": 0,
            "ipv6_addresses": [],
            "key_name": "tfkeypair1",
            "metadata_options": [
              {
                "http_endpoint": "enabled",
                "http_put_response_hop_limit": 1,
                "http_tokens": "optional"
              }
            ],
            "monitoring": false,
            "network_interface": [],
            "outpost_arn": "",
            "password_data": "",
            "placement_group": "",
            "primary_network_interface_id": "eni-0d9f837dee8d0e1bc",
            "private_dns": "ip-10-42-1-10.ec2.internal",
            "private_ip": "10.42.1.10",
            "public_dns": "",
            "public_ip": "100.26.138.239",
            "root_block_device": [
              {
                "delete_on_termination": true,
                "device_name": "/dev/sda1",
                "encrypted": false,
                "iops": 100,
                "kms_key_id": "",
                "volume_id": "vol-0d047008887de20c4",
                "volume_size": 8,
                "volume_type": "gp2"
              }
            ],
            "secondary_private_ips": [],
            "security_groups": [],
            "source_dest_check": true,
            "subnet_id": "subnet-011127abb3388e375",
            "tags": {
              "Name": "tfinstance1"
            },
            "tenancy": "default",
            "timeouts": null,
            "user_data": "25cb89f7c96f14120a1b5172f8950c347b02c66d",
            "user_data_base64": null,
            "volume_tags": {},
            "vpc_security_group_ids": [
              "sg-0cf19cb417e256cd9"
            ]
          },
          "private": "eyJlMmJmYjczMC1lY2FhLTExZTYtOGY4OC0zNDM2M2JjN2M0YzAiOnsiY3JlYXRlIjo2MDAwMDAwMDAwMDAsImRlbGV0ZSI6MTIwMDAwMDAwMDAwMCwidXBkYXRlIjo2MDAwMDAwMDAwMDB9LCJzY2hlbWFfdmVyc2lvbiI6IjEifQ==",
          "dependencies": [
            "aws_security_group.sg_tfinstance1",
            "aws_subnet.subnet_example",
            "aws_vpc.vpc_example"
          ]
        }
      ]
    },
    {
      "mode": "managed",
      "type": "aws_internet_gateway",
      "name": "default",
      "provider": "provider[\"registry.terraform.io/hashicorp/aws\"]",
      "instances": [
        {
          "schema_version": 0,
          "attributes": {
            "arn": "arn:aws:ec2:us-east-1:343889984927:internet-gateway/igw-03c690ada28710ee4",
            "id": "igw-03c690ada28710ee4",
            "owner_id": "343889984927",
            "tags": null,
            "vpc_id": "vpc-07b3ff7319f2a88bd"
          },
          "private": "bnVsbA==",
          "dependencies": [
            "aws_vpc.vpc_example"
          ]
        }
      ]
    },
    {
      "mode": "managed",
      "type": "aws_key_pair",
      "name": "tfkeypair1",
      "provider": "provider[\"registry.terraform.io/hashicorp/aws\"]",
      "instances": [
        {
          "schema_version": 1,
          "attributes": {
            "arn": "arn:aws:ec2:us-east-1:343889984927:key-pair/tfkeypair1",
            "fingerprint": "ea:bc:85:08:a9:99:bd:32:6c:23:18:a1:9b:d0:59:c2",
            "id": "tfkeypair1",
            "key_name": "tfkeypair1",
            "key_name_prefix": null,
            "key_pair_id": "key-0235de8b9a186aa26",
            "public_key": "ssh-rsa AAAAB3NzaC1yc2EAAAADAQABAAABAQC5JhRZ5MCSx2Erw4x5zSNFUL3GAVws8hjmXaKRN8rXQ5mwnWhpu7B/oQVyqJ6uq/MUXyOH72WFF5zFePqcVeWGzE8+O0q3TGU3GsSAGCco2CQHLWrzPK/jxsHlsVzvyJysdgyTAaTRd2eBHdQjUgBEWTSR1xL8I510JsNlS4NuuHMuMcSxoAvGfBcleyLtprcXzZBjipsn6nqIka6zzUOjFBTJWS6SQ5SomE8AtjDgP2Fpkhb58qXrHSUukGcT1ce+b9fqbXXnQjM4nq5gHfDIdqoTovXhMxcu6rQw7b02GGkT/heZMz7X+yBZ0bmwVp1Q4mBYC9UEvN+hPEXR4uVr root@debian10",
            "tags": null
          },
          "private": "eyJzY2hlbWFfdmVyc2lvbiI6IjEifQ=="
        }
      ]
    },
    {
      "mode": "managed",
      "type": "aws_route",
      "name": "wan_access",
      "provider": "provider[\"registry.terraform.io/hashicorp/aws\"]",
      "instances": [
        {
          "schema_version": 0,
          "attributes": {
            "destination_cidr_block": "0.0.0.0/0",
            "destination_ipv6_cidr_block": "",
            "destination_prefix_list_id": "",
            "egress_only_gateway_id": "",
            "gateway_id": "igw-03c690ada28710ee4",
            "id": "r-rtb-0c9f693d1edea4c7c1080289494",
            "instance_id": "",
            "instance_owner_id": "",
            "nat_gateway_id": "",
            "network_interface_id": "",
            "origin": "CreateRoute",
            "route_table_id": "rtb-0c9f693d1edea4c7c",
            "state": "active",
            "timeouts": null,
            "transit_gateway_id": "",
            "vpc_peering_connection_id": ""
          },
          "private": "eyJlMmJmYjczMC1lY2FhLTExZTYtOGY4OC0zNDM2M2JjN2M0YzAiOnsiY3JlYXRlIjoxMjAwMDAwMDAwMDAsImRlbGV0ZSI6MzAwMDAwMDAwMDAwfX0=",
          "dependencies": [
            "aws_internet_gateway.default",
            "aws_vpc.vpc_example"
          ]
        }
      ]
    },
    {
      "mode": "managed",
      "type": "aws_security_group",
      "name": "sg_tfinstance1",
      "provider": "provider[\"registry.terraform.io/hashicorp/aws\"]",
      "instances": [
        {
          "schema_version": 1,
          "attributes": {
            "arn": "arn:aws:ec2:us-east-1:343889984927:security-group/sg-0cf19cb417e256cd9",
            "description": "Managed by Terraform",
            "egress": [],
            "id": "sg-0cf19cb417e256cd9",
            "ingress": [
              {
                "cidr_blocks": [
                  "0.0.0.0/0"
                ],
                "description": "",
                "from_port": 0,
                "ipv6_cidr_blocks": [],
                "prefix_list_ids": [],
                "protocol": "icmp",
                "security_groups": [],
                "self": false,
                "to_port": 0
              },
              {
                "cidr_blocks": [
                  "0.0.0.0/0"
                ],
                "description": "",
                "from_port": 22,
                "ipv6_cidr_blocks": [],
                "prefix_list_ids": [],
                "protocol": "tcp",
                "security_groups": [],
                "self": false,
                "to_port": 22
              },
              {
                "cidr_blocks": [
                  "0.0.0.0/0"
                ],
                "description": "",
                "from_port": 80,
                "ipv6_cidr_blocks": [],
                "prefix_list_ids": [],
                "protocol": "tcp",
                "security_groups": [],
                "self": false,
                "to_port": 80
              }
            ],
            "name": "sg_tfinstance1",
            "name_prefix": "",
            "owner_id": "343889984927",
            "revoke_rules_on_delete": false,
            "tags": null,
            "timeouts": null,
            "vpc_id": "vpc-07b3ff7319f2a88bd"
          },
          "private": "eyJlMmJmYjczMC1lY2FhLTExZTYtOGY4OC0zNDM2M2JjN2M0YzAiOnsiY3JlYXRlIjo2MDAwMDAwMDAwMDAsImRlbGV0ZSI6NjAwMDAwMDAwMDAwfSwic2NoZW1hX3ZlcnNpb24iOiIxIn0=",
          "dependencies": [
            "aws_vpc.vpc_example"
          ]
        }
      ]
    },
    {
      "mode": "managed",
      "type": "aws_subnet",
      "name": "subnet_example",
      "provider": "provider[\"registry.terraform.io/hashicorp/aws\"]",
      "instances": [
        {
          "schema_version": 1,
          "attributes": {
            "arn": "arn:aws:ec2:us-east-1:343889984927:subnet/subnet-011127abb3388e375",
            "assign_ipv6_address_on_creation": false,
            "availability_zone": "us-east-1e",
            "availability_zone_id": "use1-az3",
            "cidr_block": "10.42.1.0/24",
            "id": "subnet-011127abb3388e375",
            "ipv6_cidr_block": "",
            "ipv6_cidr_block_association_id": "",
            "map_public_ip_on_launch": true,
            "outpost_arn": "",
            "owner_id": "343889984927",
            "tags": null,
            "timeouts": null,
            "vpc_id": "vpc-07b3ff7319f2a88bd"
          },
          "private": "eyJlMmJmYjczMC1lY2FhLTExZTYtOGY4OC0zNDM2M2JjN2M0YzAiOnsiY3JlYXRlIjo2MDAwMDAwMDAwMDAsImRlbGV0ZSI6MTIwMDAwMDAwMDAwMH0sInNjaGVtYV92ZXJzaW9uIjoiMSJ9",
          "dependencies": [
            "aws_vpc.vpc_example"
          ]
        }
      ]
    },
    {
      "mode": "managed",
      "type": "aws_vpc",
      "name": "vpc_example",
      "provider": "provider[\"registry.terraform.io/hashicorp/aws\"]",
      "instances": [
        {
          "schema_version": 1,
          "attributes": {
            "arn": "arn:aws:ec2:us-east-1:343889984927:vpc/vpc-07b3ff7319f2a88bd",
            "assign_generated_ipv6_cidr_block": false,
            "cidr_block": "10.42.1.0/24",
            "default_network_acl_id": "acl-062b9de050c430e23",
            "default_route_table_id": "rtb-0c9f693d1edea4c7c",
            "default_security_group_id": "sg-095a2c41d9988a9d4",
            "dhcp_options_id": "dopt-87871bfd",
            "enable_classiclink": false,
            "enable_classiclink_dns_support": false,
            "enable_dns_hostnames": false,
            "enable_dns_support": true,
            "id": "vpc-07b3ff7319f2a88bd",
            "instance_tenancy": "default",
            "ipv6_association_id": "",
            "ipv6_cidr_block": "",
            "main_route_table_id": "rtb-0c9f693d1edea4c7c",
            "owner_id": "343889984927",
            "tags": null
          },
          "private": "eyJzY2hlbWFfdmVyc2lvbiI6IjEifQ=="
        }
      ]
    }
  ]
}
