{
  "version": 4,
  "terraform_version": "0.13.0",
  "serial": 67,
  "lineage": "a11be8a2-a80b-edf4-79b2-87e8cade74bc",
  "outputs": {
    "bastion_ip": {
      "value": [
        "54.234.7.43"
      ],
      "type": [
        "tuple",
        [
          "string"
        ]
      ]
    },
    "bastion_private_ip": {
      "value": [
        "192.168.0.254"
      ],
      "type": [
        "tuple",
        [
          "string"
        ]
      ]
    },
    "instance_ex1_ip": {
      "value": [
        "3.90.85.250"
      ],
      "type": [
        "tuple",
        [
          "string"
        ]
      ]
    },
    "instance_ex1_private_ip": {
      "value": [
        "192.168.0.10"
      ],
      "type": [
        "tuple",
        [
          "string"
        ]
      ]
    },
    "nodes_private_ip": {
      "value": [],
      "type": [
        "tuple",
        []
      ]
    }
  },
  "resources": [
    {
      "mode": "managed",
      "type": "aws_instance",
      "name": "bastion",
      "provider": "provider[\"registry.terraform.io/hashicorp/aws\"]",
      "instances": [
        {
          "schema_version": 1,
          "attributes": {
            "ami": "ami-0bcc094591f354be2",
            "arn": "arn:aws:ec2:us-east-1:343889984927:instance/i-05140df36c4f667cd",
            "associate_public_ip_address": true,
            "availability_zone": "us-east-1e",
            "cpu_core_count": 1,
            "cpu_threads_per_core": 1,
            "credit_specification": [
              {
                "cpu_credits": "standard"
              }
            ],
            "disable_api_termination": false,
            "ebs_block_device": [],
            "ebs_optimized": false,
            "ephemeral_block_device": [],
            "get_password_data": false,
            "hibernation": false,
            "host_id": null,
            "iam_instance_profile": "",
            "id": "i-05140df36c4f667cd",
            "instance_initiated_shutdown_behavior": null,
            "instance_state": "running",
            "instance_type": "t2.micro",
            "ipv6_address_count": 0,
            "ipv6_addresses": [],
            "key_name": "kp_bastion",
            "metadata_options": [
              {
                "http_endpoint": "enabled",
                "http_put_response_hop_limit": 1,
                "http_tokens": "optional"
              }
            ],
            "monitoring": false,
            "network_interface": [],
            "outpost_arn": "",
            "password_data": "",
            "placement_group": "",
            "primary_network_interface_id": "eni-08c3c1f286fb4b837",
            "private_dns": "ip-192-168-0-254.ec2.internal",
            "private_ip": "192.168.0.254",
            "public_dns": "",
            "public_ip": "54.234.7.43",
            "root_block_device": [
              {
                "delete_on_termination": true,
                "device_name": "/dev/sda1",
                "encrypted": false,
                "iops": 100,
                "kms_key_id": "",
                "volume_id": "vol-07018497b22084b51",
                "volume_size": 8,
                "volume_type": "gp2"
              }
            ],
            "secondary_private_ips": [],
            "security_groups": [],
            "source_dest_check": true,
            "subnet_id": "subnet-0d332cf13e485d89c",
            "tags": {
              "Name": "bastion"
            },
            "tenancy": "default",
            "timeouts": null,
            "user_data": "cda22c10ef1c552b77560080f99a8733d257c93d",
            "user_data_base64": null,
            "volume_tags": {},
            "vpc_security_group_ids": [
              "sg-001ecc42f1e2711e4",
              "sg-0d73ed3d59cc86c4c"
            ]
          },
          "private": "eyJlMmJmYjczMC1lY2FhLTExZTYtOGY4OC0zNDM2M2JjN2M0YzAiOnsiY3JlYXRlIjo2MDAwMDAwMDAwMDAsImRlbGV0ZSI6MTIwMDAwMDAwMDAwMCwidXBkYXRlIjo2MDAwMDAwMDAwMDB9LCJzY2hlbWFfdmVyc2lvbiI6IjEifQ==",
          "dependencies": [
            "aws_security_group.sg_bastion",
            "aws_security_group.sg_internal",
            "aws_subnet.subnet_example"
          ]
        }
      ]
    },
    {
      "mode": "managed",
      "type": "aws_instance",
      "name": "instance_ex1",
      "provider": "provider[\"registry.terraform.io/hashicorp/aws\"]",
      "instances": [
        {
          "schema_version": 1,
          "attributes": {
            "ami": "ami-0bcc094591f354be2",
            "arn": "arn:aws:ec2:us-east-1:343889984927:instance/i-0ae5becc55f2eb4d1",
            "associate_public_ip_address": true,
            "availability_zone": "us-east-1e",
            "cpu_core_count": 1,
            "cpu_threads_per_core": 1,
            "credit_specification": [
              {
                "cpu_credits": "standard"
              }
            ],
            "disable_api_termination": false,
            "ebs_block_device": [],
            "ebs_optimized": false,
            "ephemeral_block_device": [],
            "get_password_data": false,
            "hibernation": false,
            "host_id": null,
            "iam_instance_profile": "",
            "id": "i-0ae5becc55f2eb4d1",
            "instance_initiated_shutdown_behavior": null,
            "instance_state": "running",
            "instance_type": "t2.micro",
            "ipv6_address_count": 0,
            "ipv6_addresses": [],
            "key_name": "kp_instances",
            "metadata_options": [
              {
                "http_endpoint": "enabled",
                "http_put_response_hop_limit": 1,
                "http_tokens": "optional"
              }
            ],
            "monitoring": false,
            "network_interface": [],
            "outpost_arn": "",
            "password_data": "",
            "placement_group": "",
            "primary_network_interface_id": "eni-071716161677a44ae",
            "private_dns": "ip-192-168-0-10.ec2.internal",
            "private_ip": "192.168.0.10",
            "public_dns": "",
            "public_ip": "3.90.85.250",
            "root_block_device": [
              {
                "delete_on_termination": true,
                "device_name": "/dev/sda1",
                "encrypted": false,
                "iops": 100,
                "kms_key_id": "",
                "volume_id": "vol-0c33a8f4f593a6147",
                "volume_size": 8,
                "volume_type": "gp2"
              }
            ],
            "secondary_private_ips": [],
            "security_groups": [],
            "source_dest_check": true,
            "subnet_id": "subnet-0d332cf13e485d89c",
            "tags": {
              "Name": "instance_ex1"
            },
            "tenancy": "default",
            "timeouts": null,
            "user_data": "e4ec8bc790c8ee478c6365693615ddfed9322572",
            "user_data_base64": null,
            "volume_tags": {},
            "vpc_security_group_ids": [
              "sg-0d73ed3d59cc86c4c",
              "sg-0d7723315687ec23d"
            ]
          },
          "private": "eyJlMmJmYjczMC1lY2FhLTExZTYtOGY4OC0zNDM2M2JjN2M0YzAiOnsiY3JlYXRlIjo2MDAwMDAwMDAwMDAsImRlbGV0ZSI6MTIwMDAwMDAwMDAwMCwidXBkYXRlIjo2MDAwMDAwMDAwMDB9LCJzY2hlbWFfdmVyc2lvbiI6IjEifQ==",
          "dependencies": [
            "aws_security_group.sg_instance_ex1",
            "aws_security_group.sg_internal",
            "aws_subnet.subnet_example"
          ]
        }
      ]
    },
    {
      "mode": "managed",
      "type": "aws_internet_gateway",
      "name": "default",
      "provider": "provider[\"registry.terraform.io/hashicorp/aws\"]",
      "instances": [
        {
          "schema_version": 0,
          "attributes": {
            "arn": "arn:aws:ec2:us-east-1:343889984927:internet-gateway/igw-010d6d759303a312a",
            "id": "igw-010d6d759303a312a",
            "owner_id": "343889984927",
            "tags": {},
            "vpc_id": "vpc-0b45bfcc94bb3a794"
          },
          "private": "bnVsbA==",
          "dependencies": [
            "aws_vpc.vpc_exemple"
          ]
        }
      ]
    },
    {
      "mode": "managed",
      "type": "aws_key_pair",
      "name": "kp_bastion",
      "provider": "provider[\"registry.terraform.io/hashicorp/aws\"]",
      "instances": [
        {
          "schema_version": 1,
          "attributes": {
            "arn": "arn:aws:ec2:us-east-1:343889984927:key-pair/kp_bastion",
            "fingerprint": "79:e7:2c:5a:ea:23:8a:22:ee:7c:3c:77:60:c6:ca:ae",
            "id": "kp_bastion",
            "key_name": "kp_bastion",
            "key_name_prefix": null,
            "key_pair_id": "key-0672279625b684e61",
            "public_key": "ssh-rsa AAAAB3NzaC1yc2EAAAADAQABAAABAQC3WerHqSSEi7briMKd8lOlekgN6gQ/ueTblbcPcRx65OiH0Q3DpWiU/ygd/Nk8h4TPqU9TFOBbKqnMnu95osqlnIE4w5xZoqIvdA6fOkn7UBW9Czk4qkEZalkafiVJAsFHSlZN/Lf/yWJnl4aJYtt1GOqpTfh6nuVKqPWjro0tIBpD71avbRCsUrKgPsuWgmaMy7ktPDjcoQtMJk+B3gAEBff9fz4wCyzUy6fm/maGR1l0hJYhPCLg8d8E9ZicupJdqeScycrPsQTJ0TcbyBQxGob59ZlcUo9PcgWWZv78kbqfURkTmc9IpSl9jG5kqC1rStRI9qd76EBtB9gY1OMn bastion",
            "tags": {}
          },
          "private": "eyJzY2hlbWFfdmVyc2lvbiI6IjEifQ=="
        }
      ]
    },
    {
      "mode": "managed",
      "type": "aws_key_pair",
      "name": "kp_instances",
      "provider": "provider[\"registry.terraform.io/hashicorp/aws\"]",
      "instances": [
        {
          "schema_version": 1,
          "attributes": {
            "arn": "arn:aws:ec2:us-east-1:343889984927:key-pair/kp_instances",
            "fingerprint": "a9:61:46:c0:59:2b:99:d9:29:31:cb:ea:1e:5d:67:bb",
            "id": "kp_instances",
            "key_name": "kp_instances",
            "key_name_prefix": null,
            "key_pair_id": "key-0eb151be186a523ab",
            "public_key": "ssh-rsa AAAAB3NzaC1yc2EAAAADAQABAAABAQDl16VSMiuuTz2gAK4DH4pM4ghFeDMMS8EKZzpVuBa5wiRW1AXAgY7LxRMVkMYa8sCecv18vSkHOI3Q4OE38u6EOjoMcjXJYwTxk2KkE8u7+anZWCP5LTYjw1MLaOR1gwpceCUPJiIW+x6jQpajityAdZWPAU9U05gJN527aYC4DQFyHwRGLbk/X0X3AKkmIRi8FGEdEx/8xcgdxymV2yY9wqtqEJ6Wr3ChPbu3XecsbHj2vtMCDx4e3BylurTqwUTfNPWqH5XW4W2pz4R2I3KOQ0ZiexQzn/9J7IcGshQP/pZC3PtdQY9eVcwG0hoAzijrh1Zvr9ra9eX3qhMc59EJ host",
            "tags": {}
          },
          "private": "eyJzY2hlbWFfdmVyc2lvbiI6IjEifQ=="
        }
      ]
    },
    {
      "mode": "managed",
      "type": "aws_route",
      "name": "wan_access",
      "provider": "provider[\"registry.terraform.io/hashicorp/aws\"]",
      "instances": [
        {
          "schema_version": 0,
          "attributes": {
            "destination_cidr_block": "0.0.0.0/0",
            "destination_ipv6_cidr_block": "",
            "destination_prefix_list_id": "",
            "egress_only_gateway_id": "",
            "gateway_id": "igw-010d6d759303a312a",
            "id": "r-rtb-0de75008893815eba1080289494",
            "instance_id": "",
            "instance_owner_id": "",
            "nat_gateway_id": "",
            "network_interface_id": "",
            "origin": "CreateRoute",
            "route_table_id": "rtb-0de75008893815eba",
            "state": "active",
            "timeouts": null,
            "transit_gateway_id": "",
            "vpc_peering_connection_id": ""
          },
          "private": "eyJlMmJmYjczMC1lY2FhLTExZTYtOGY4OC0zNDM2M2JjN2M0YzAiOnsiY3JlYXRlIjoxMjAwMDAwMDAwMDAsImRlbGV0ZSI6MzAwMDAwMDAwMDAwfX0=",
          "dependencies": [
            "aws_internet_gateway.default",
            "aws_vpc.vpc_exemple"
          ]
        }
      ]
    },
    {
      "mode": "managed",
      "type": "aws_security_group",
      "name": "sg_bastion",
      "provider": "provider[\"registry.terraform.io/hashicorp/aws\"]",
      "instances": [
        {
          "schema_version": 1,
          "attributes": {
            "arn": "arn:aws:ec2:us-east-1:343889984927:security-group/sg-001ecc42f1e2711e4",
            "description": "Managed by Terraform",
            "egress": [],
            "id": "sg-001ecc42f1e2711e4",
            "ingress": [
              {
                "cidr_blocks": [
                  "0.0.0.0/0"
                ],
                "description": "",
                "from_port": 0,
                "ipv6_cidr_blocks": [],
                "prefix_list_ids": [],
                "protocol": "icmp",
                "security_groups": [],
                "self": false,
                "to_port": 0
              },
              {
                "cidr_blocks": [
                  "0.0.0.0/0"
                ],
                "description": "",
                "from_port": 22,
                "ipv6_cidr_blocks": [],
                "prefix_list_ids": [],
                "protocol": "tcp",
                "security_groups": [],
                "self": false,
                "to_port": 22
              }
            ],
            "name": "sg_bastion",
            "name_prefix": "",
            "owner_id": "343889984927",
            "revoke_rules_on_delete": false,
            "tags": {},
            "timeouts": null,
            "vpc_id": "vpc-0b45bfcc94bb3a794"
          },
          "private": "eyJlMmJmYjczMC1lY2FhLTExZTYtOGY4OC0zNDM2M2JjN2M0YzAiOnsiY3JlYXRlIjo2MDAwMDAwMDAwMDAsImRlbGV0ZSI6NjAwMDAwMDAwMDAwfSwic2NoZW1hX3ZlcnNpb24iOiIxIn0=",
          "dependencies": [
            "aws_vpc.vpc_exemple"
          ]
        }
      ]
    },
    {
      "mode": "managed",
      "type": "aws_security_group",
      "name": "sg_instance_ex1",
      "provider": "provider[\"registry.terraform.io/hashicorp/aws\"]",
      "instances": [
        {
          "schema_version": 1,
          "attributes": {
            "arn": "arn:aws:ec2:us-east-1:343889984927:security-group/sg-0d7723315687ec23d",
            "description": "Managed by Terraform",
            "egress": [],
            "id": "sg-0d7723315687ec23d",
            "ingress": [
              {
                "cidr_blocks": [
                  "0.0.0.0/0"
                ],
                "description": "",
                "from_port": 0,
                "ipv6_cidr_blocks": [],
                "prefix_list_ids": [],
                "protocol": "icmp",
                "security_groups": [],
                "self": false,
                "to_port": 0
              },
              {
                "cidr_blocks": [
                  "0.0.0.0/0"
                ],
                "description": "",
                "from_port": 80,
                "ipv6_cidr_blocks": [],
                "prefix_list_ids": [],
                "protocol": "tcp",
                "security_groups": [],
                "self": false,
                "to_port": 80
              }
            ],
            "name": "sg_instance_ex1",
            "name_prefix": "",
            "owner_id": "343889984927",
            "revoke_rules_on_delete": false,
            "tags": {},
            "timeouts": null,
            "vpc_id": "vpc-0b45bfcc94bb3a794"
          },
          "private": "eyJlMmJmYjczMC1lY2FhLTExZTYtOGY4OC0zNDM2M2JjN2M0YzAiOnsiY3JlYXRlIjo2MDAwMDAwMDAwMDAsImRlbGV0ZSI6NjAwMDAwMDAwMDAwfSwic2NoZW1hX3ZlcnNpb24iOiIxIn0=",
          "dependencies": [
            "aws_vpc.vpc_exemple"
          ]
        }
      ]
    },
    {
      "mode": "managed",
      "type": "aws_security_group",
      "name": "sg_internal",
      "provider": "provider[\"registry.terraform.io/hashicorp/aws\"]",
      "instances": [
        {
          "schema_version": 1,
          "attributes": {
            "arn": "arn:aws:ec2:us-east-1:343889984927:security-group/sg-0d73ed3d59cc86c4c",
            "description": "Managed by Terraform",
            "egress": [
              {
                "cidr_blocks": [
                  "0.0.0.0/0"
                ],
                "description": "",
                "from_port": 0,
                "ipv6_cidr_blocks": [],
                "prefix_list_ids": [],
                "protocol": "-1",
                "security_groups": [],
                "self": false,
                "to_port": 0
              }
            ],
            "id": "sg-0d73ed3d59cc86c4c",
            "ingress": [
              {
                "cidr_blocks": [
                  "192.168.0.0/24"
                ],
                "description": "",
                "from_port": 0,
                "ipv6_cidr_blocks": [],
                "prefix_list_ids": [],
                "protocol": "-1",
                "security_groups": [],
                "self": false,
                "to_port": 0
              }
            ],
            "name": "sg_internal",
            "name_prefix": "",
            "owner_id": "343889984927",
            "revoke_rules_on_delete": false,
            "tags": {},
            "timeouts": null,
            "vpc_id": "vpc-0b45bfcc94bb3a794"
          },
          "private": "eyJlMmJmYjczMC1lY2FhLTExZTYtOGY4OC0zNDM2M2JjN2M0YzAiOnsiY3JlYXRlIjo2MDAwMDAwMDAwMDAsImRlbGV0ZSI6NjAwMDAwMDAwMDAwfSwic2NoZW1hX3ZlcnNpb24iOiIxIn0=",
          "dependencies": [
            "aws_vpc.vpc_exemple"
          ]
        }
      ]
    },
    {
      "mode": "managed",
      "type": "aws_subnet",
      "name": "subnet_example",
      "provider": "provider[\"registry.terraform.io/hashicorp/aws\"]",
      "instances": [
        {
          "schema_version": 1,
          "attributes": {
            "arn": "arn:aws:ec2:us-east-1:343889984927:subnet/subnet-0d332cf13e485d89c",
            "assign_ipv6_address_on_creation": false,
            "availability_zone": "us-east-1e",
            "availability_zone_id": "use1-az3",
            "cidr_block": "192.168.0.0/24",
            "id": "subnet-0d332cf13e485d89c",
            "ipv6_cidr_block": "",
            "ipv6_cidr_block_association_id": "",
            "map_public_ip_on_launch": true,
            "outpost_arn": "",
            "owner_id": "343889984927",
            "tags": {},
            "timeouts": null,
            "vpc_id": "vpc-0b45bfcc94bb3a794"
          },
          "private": "eyJlMmJmYjczMC1lY2FhLTExZTYtOGY4OC0zNDM2M2JjN2M0YzAiOnsiY3JlYXRlIjo2MDAwMDAwMDAwMDAsImRlbGV0ZSI6MTIwMDAwMDAwMDAwMH0sInNjaGVtYV92ZXJzaW9uIjoiMSJ9",
          "dependencies": [
            "aws_vpc.vpc_exemple"
          ]
        }
      ]
    },
    {
      "mode": "managed",
      "type": "aws_vpc",
      "name": "vpc_exemple",
      "provider": "provider[\"registry.terraform.io/hashicorp/aws\"]",
      "instances": [
        {
          "schema_version": 1,
          "attributes": {
            "arn": "arn:aws:ec2:us-east-1:343889984927:vpc/vpc-0b45bfcc94bb3a794",
            "assign_generated_ipv6_cidr_block": false,
            "cidr_block": "192.168.0.0/24",
            "default_network_acl_id": "acl-012042716f85368b1",
            "default_route_table_id": "rtb-0de75008893815eba",
            "default_security_group_id": "sg-0fd846df8db60d909",
            "dhcp_options_id": "dopt-87871bfd",
            "enable_classiclink": false,
            "enable_classiclink_dns_support": false,
            "enable_dns_hostnames": false,
            "enable_dns_support": true,
            "id": "vpc-0b45bfcc94bb3a794",
            "instance_tenancy": "default",
            "ipv6_association_id": "",
            "ipv6_cidr_block": "",
            "main_route_table_id": "rtb-0de75008893815eba",
            "owner_id": "343889984927",
            "tags": {}
          },
          "private": "eyJzY2hlbWFfdmVyc2lvbiI6IjEifQ=="
        }
      ]
    }
  ]
}
